
Microsoft Visual Studio Solution File, Format Version 12.00
# Visual Studio Version 16
VisualStudioVersion = 16.0.30413.136
MinimumVisualStudioVersion = 10.0.40219.1
Project("{FAE04EC0-301F-11D3-BF4B-00C04F79EFBC}") = "ConsoleApp2", "ConsoleApp2\ConsoleApp2.csproj", "{7BEF26AD-382C-44DC-A30D-F66D6D886AE1}"
EndProject
Global
	GlobalSection(SolutionConfigurationPlatforms) = preSolution
		Debug|Any CPU = Debug|Any CPU
		Release|Any CPU = Release|Any CPU
	EndGlobalSection
	GlobalSection(ProjectConfigurationPlatforms) = postSolution
		{7BEF26AD-382C-44DC-A30D-F66D6D886AE1}.Debug|Any CPU.ActiveCfg = Debug|Any CPU
		{7BEF26AD-382C-44DC-A30D-F66D6D886AE1}.Debug|Any CPU.Build.0 = Debug|Any CPU
		{7BEF26AD-382C-44DC-A30D-F66D6D886AE1}.Release|Any CPU.ActiveCfg = Release|Any CPU
		{7BEF26AD-382C-44DC-A30D-F66D6D886AE1}.Release|Any CPU.Build.0 = Release|Any CPU
	EndGlobalSection
	GlobalSection(SolutionProperties) = preSolution
		HideSolutionNode = FALSE
	EndGlobalSection
	GlobalSection(ExtensibilityGlobals) = postSolution
		SolutionGuid = {5FE827C6-5954-4A98-A3D1-CA73CBC029F1}
	EndGlobalSection
EndGlobal
